
Microsoft Visual Studio Solution File, Format Version 12.00
# Visual Studio Version 16
VisualStudioVersion = 16.0.29920.165
MinimumVisualStudioVersion = 10.0.40219.1
Project("{FAE04EC0-301F-11D3-BF4B-00C04F79EFBC}") = "TestAppWithErrors", "TestAppWithErrors\TestAppWithErrors.csproj", "{06CAFCE4-23B8-4AA0-AF19-B940EFAD4E26}"
EndProject
Global
	GlobalSection(SolutionConfigurationPlatforms) = preSolution
		Debug|Any CPU = Debug|Any CPU
		Release|Any CPU = Release|Any CPU
	EndGlobalSection
	GlobalSection(ProjectConfigurationPlatforms) = postSolution
		{06CAFCE4-23B8-4AA0-AF19-B940EFAD4E26}.Debug|Any CPU.ActiveCfg = Debug|Any CPU
		{06CAFCE4-23B8-4AA0-AF19-B940EFAD4E26}.Debug|Any CPU.Build.0 = Debug|Any CPU
		{06CAFCE4-23B8-4AA0-AF19-B940EFAD4E26}.Release|Any CPU.ActiveCfg = Release|Any CPU
		{06CAFCE4-23B8-4AA0-AF19-B940EFAD4E26}.Release|Any CPU.Build.0 = Release|Any CPU
	EndGlobalSection
	GlobalSection(SolutionProperties) = preSolution
		HideSolutionNode = FALSE
	EndGlobalSection
	GlobalSection(ExtensibilityGlobals) = postSolution
		SolutionGuid = {F8373313-40F6-4625-BB90-8A5A6FE24C23}
	EndGlobalSection
EndGlobal
